// !$*UTF8*$!
{
	archiveVersion = 1;
	classes = {
	};
	objectVersion = 77;
	objects = {

/* Begin PBXBuildFile section */
		D8F8886B2E763C93000E35DC /* CoreNFC.framework in Frameworks */ = {isa = PBXBuildFile; fileRef = D8F8886A2E763C93000E35DC /* CoreNFC.framework */; };
		D8F8886C2E763CCF000E35DC /* CoreNFC.framework in Frameworks */ = {isa = PBXBuildFile; fileRef = D8F8886A2E763C93000E35DC /* CoreNFC.framework */; };
/* End PBXBuildFile section */

/* Begin PBXContainerItemProxy section */
		D8F8884D2E763AB6000E35DC /* PBXContainerItemProxy */ = {
			isa = PBXContainerItemProxy;
			containerPortal = D8F888372E763AB4000E35DC /* Project object */;
			proxyType = 1;
			remoteGlobalIDString = D8F8883E2E763AB4000E35DC;
			remoteInfo = FRCBatteryReader;
		};
		D8F888572E763AB6000E35DC /* PBXContainerItemProxy */ = {
			isa = PBXContainerItemProxy;
			containerPortal = D8F888372E763AB4000E35DC /* Project object */;
			proxyType = 1;
			remoteGlobalIDString = D8F8883E2E763AB4000E35DC;
			remoteInfo = FRCBatteryReader;
		};
/* End PBXContainerItemProxy section */

/* Begin PBXFileReference section */
		D8F8883F2E763AB4000E35DC /* FRCBatteryReader.app */ = {isa = PBXFileReference; explicitFileType = wrapper.application; includeInIndex = 0; path = FRCBatteryReader.app; sourceTree = BUILT_PRODUCTS_DIR; };
		D8F8884C2E763AB6000E35DC /* FRCBatteryReaderTests.xctest */ = {isa = PBXFileReference; explicitFileType = wrapper.cfbundle; includeInIndex = 0; path = FRCBatteryReaderTests.xctest; sourceTree = BUILT_PRODUCTS_DIR; };
		D8F888562E763AB6000E35DC /* FRCBatteryReaderUITests.xctest */ = {isa = PBXFileReference; explicitFileType = wrapper.cfbundle; includeInIndex = 0; path = FRCBatteryReaderUITests.xctest; sourceTree = BUILT_PRODUCTS_DIR; };
		D8F8886A2E763C93000E35DC /* CoreNFC.framework */ = {isa = PBXFileReference; lastKnownFileType = wrapper.framework; name = CoreNFC.framework; path = System/Library/Frameworks/CoreNFC.framework; sourceTree = SDKROOT; };
/* End PBXFileReference section */

/* Begin PBXFileSystemSynchronizedBuildFileExceptionSet section */
		D8F8886E2E763CD5000E35DC /* Exceptions for "FRCBatteryReader" folder in "FRCBatteryReader" target */ = {
			isa = PBXFileSystemSynchronizedBuildFileExceptionSet;
			membershipExceptions = (
				Info.plist,
			);
			target = D8F8883E2E763AB4000E35DC /* FRCBatteryReader */;
		};
/* End PBXFileSystemSynchronizedBuildFileExceptionSet section */

/* Begin PBXFileSystemSynchronizedRootGroup section */
		D8F888412E763AB4000E35DC /* FRCBatteryReader */ = {
			isa = PBXFileSystemSynchronizedRootGroup;
			exceptions = (
				D8F8886E2E763CD5000E35DC /* Exceptions for "FRCBatteryReader" folder in "FRCBatteryReader" target */,
			);
			path = FRCBatteryReader;
			sourceTree = "<group>";
		};
		D8F8884F2E763AB6000E35DC /* FRCBatteryReaderTests */ = {
			isa = PBXFileSystemSynchronizedRootGroup;
			path = FRCBatteryReaderTests;
			sourceTree = "<group>";
		};
		D8F888592E763AB6000E35DC /* FRCBatteryReaderUITests */ = {
			isa = PBXFileSystemSynchronizedRootGroup;
			path = FRCBatteryReaderUITests;
			sourceTree = "<group>";
		};
/* End PBXFileSystemSynchronizedRootGroup section */

/* Begin PBXFrameworksBuildPhase section */
		D8F8883C2E763AB4000E35DC /* Frameworks */ = {
			isa = PBXFrameworksBuildPhase;
			buildActionMask = 2147483647;
			files = (
				D8F8886C2E763CCF000E35DC /* CoreNFC.framework in Frameworks */,
			);
			runOnlyForDeploymentPostprocessing = 0;
		};
		D8F888492E763AB6000E35DC /* Frameworks */ = {
			isa = PBXFrameworksBuildPhase;
			buildActionMask = 2147483647;
			files = (
				D8F8886B2E763C93000E35DC /* CoreNFC.framework in Frameworks */,
			);
			runOnlyForDeploymentPostprocessing = 0;
		};
		D8F888532E763AB6000E35DC /* Frameworks */ = {
			isa = PBXFrameworksBuildPhase;
			buildActionMask = 2147483647;
			files = (
			);
			runOnlyForDeploymentPostprocessing = 0;
		};
/* End PBXFrameworksBuildPhase section */

/* Begin PBXGroup section */
		D8F888362E763AB4000E35DC = {
			isa = PBXGroup;
			children = (
				D8F888412E763AB4000E35DC /* FRCBatteryReader */,
				D8F8884F2E763AB6000E35DC /* FRCBatteryReaderTests */,
				D8F888592E763AB6000E35DC /* FRCBatteryReaderUITests */,
				D8F888692E763C93000E35DC /* Frameworks */,
				D8F888402E763AB4000E35DC /* Products */,
			);
			sourceTree = "<group>";
		};
		D8F888402E763AB4000E35DC /* Products */ = {
			isa = PBXGroup;
			children = (
				D8F8883F2E763AB4000E35DC /* FRCBatteryReader.app */,
				D8F8884C2E763AB6000E35DC /* FRCBatteryReaderTests.xctest */,
				D8F888562E763AB6000E35DC /* FRCBatteryReaderUITests.xctest */,
			);
			name = Products;
			sourceTree = "<group>";
		};
		D8F888692E763C93000E35DC /* Frameworks */ = {
			isa = PBXGroup;
			children = (
				D8F8886A2E763C93000E35DC /* CoreNFC.framework */,
			);
			name = Frameworks;
			sourceTree = "<group>";
		};
/* End PBXGroup section */

/* Begin PBXNativeTarget section */
		D8F8883E2E763AB4000E35DC /* FRCBatteryReader */ = {
			isa = PBXNativeTarget;
			buildConfigurationList = D8F888602E763AB6000E35DC /* Build configuration list for PBXNativeTarget "FRCBatteryReader" */;
			buildPhases = (
				D8F8883B2E763AB4000E35DC /* Sources */,
				D8F8883C2E763AB4000E35DC /* Frameworks */,
				D8F8883D2E763AB4000E35DC /* Resources */,
			);
			buildRules = (
			);
			dependencies = (
			);
			fileSystemSynchronizedGroups = (
				D8F888412E763AB4000E35DC /* FRCBatteryReader */,
			);
			name = FRCBatteryReader;
			packageProductDependencies = (
			);
			productName = FRCBatteryReader;
			productReference = D8F8883F2E763AB4000E35DC /* FRCBatteryReader.app */;
			productType = "com.apple.product-type.application";
		};
		D8F8884B2E763AB6000E35DC /* FRCBatteryReaderTests */ = {
			isa = PBXNativeTarget;
			buildConfigurationList = D8F888632E763AB6000E35DC /* Build configuration list for PBXNativeTarget "FRCBatteryReaderTests" */;
			buildPhases = (
				D8F888482E763AB6000E35DC /* Sources */,
				D8F888492E763AB6000E35DC /* Frameworks */,
				D8F8884A2E763AB6000E35DC /* Resources */,
			);
			buildRules = (
			);
			dependencies = (
				D8F8884E2E763AB6000E35DC /* PBXTargetDependency */,
			);
			fileSystemSynchronizedGroups = (
				D8F8884F2E763AB6000E35DC /* FRCBatteryReaderTests */,
			);
			name = FRCBatteryReaderTests;
			packageProductDependencies = (
			);
			productName = FRCBatteryReaderTests;
			productReference = D8F8884C2E763AB6000E35DC /* FRCBatteryReaderTests.xctest */;
			productType = "com.apple.product-type.bundle.unit-test";
		};
		D8F888552E763AB6000E35DC /* FRCBatteryReaderUITests */ = {
			isa = PBXNativeTarget;
			buildConfigurationList = D8F888662E763AB6000E35DC /* Build configuration list for PBXNativeTarget "FRCBatteryReaderUITests" */;
			buildPhases = (
				D8F888522E763AB6000E35DC /* Sources */,
				D8F888532E763AB6000E35DC /* Frameworks */,
				D8F888542E763AB6000E35DC /* Resources */,
			);
			buildRules = (
			);
			dependencies = (
				D8F888582E763AB6000E35DC /* PBXTargetDependency */,
			);
			fileSystemSynchronizedGroups = (
				D8F888592E763AB6000E35DC /* FRCBatteryReaderUITests */,
			);
			name = FRCBatteryReaderUITests;
			packageProductDependencies = (
			);
			productName = FRCBatteryReaderUITests;
			productReference = D8F888562E763AB6000E35DC /* FRCBatteryReaderUITests.xctest */;
			productType = "com.apple.product-type.bundle.ui-testing";
		};
/* End PBXNativeTarget section */

/* Begin PBXProject section */
		D8F888372E763AB4000E35DC /* Project object */ = {
			isa = PBXProject;
			attributes = {
				BuildIndependentTargetsInParallel = 1;
				LastSwiftUpdateCheck = 1640;
				LastUpgradeCheck = 1640;
				TargetAttributes = {
					D8F8883E2E763AB4000E35DC = {
						CreatedOnToolsVersion = 16.4;
					};
					D8F8884B2E763AB6000E35DC = {
						CreatedOnToolsVersion = 16.4;
						TestTargetID = D8F8883E2E763AB4000E35DC;
					};
					D8F888552E763AB6000E35DC = {
						CreatedOnToolsVersion = 16.4;
						TestTargetID = D8F8883E2E763AB4000E35DC;
					};
				};
			};
			buildConfigurationList = D8F8883A2E763AB4000E35DC /* Build configuration list for PBXProject "FRCBatteryReader" */;
			developmentRegion = en;
			hasScannedForEncodings = 0;
			knownRegions = (
				en,
				Base,
			);
			mainGroup = D8F888362E763AB4000E35DC;
			minimizedProjectReferenceProxies = 1;
			preferredProjectObjectVersion = 77;
			productRefGroup = D8F888402E763AB4000E35DC /* Products */;
			projectDirPath = "";
			projectRoot = "";
			targets = (
				D8F8883E2E763AB4000E35DC /* FRCBatteryReader */,
				D8F8884B2E763AB6000E35DC /* FRCBatteryReaderTests */,
				D8F888552E763AB6000E35DC /* FRCBatteryReaderUITests */,
			);
		};
/* End PBXProject section */

/* Begin PBXResourcesBuildPhase section */
		D8F8883D2E763AB4000E35DC /* Resources */ = {
			isa = PBXResourcesBuildPhase;
			buildActionMask = 2147483647;
			files = (
			);
			runOnlyForDeploymentPostprocessing = 0;
		};
		D8F8884A2E763AB6000E35DC /* Resources */ = {
			isa = PBXResourcesBuildPhase;
			buildActionMask = 2147483647;
			files = (
			);
			runOnlyForDeploymentPostprocessing = 0;
		};
		D8F888542E763AB6000E35DC /* Resources */ = {
			isa = PBXResourcesBuildPhase;
			buildActionMask = 2147483647;
			files = (
			);
			runOnlyForDeploymentPostprocessing = 0;
		};
/* End PBXResourcesBuildPhase section */

/* Begin PBXSourcesBuildPhase section */
		D8F8883B2E763AB4000E35DC /* Sources */ = {
			isa = PBXSourcesBuildPhase;
			buildActionMask = 2147483647;
			files = (
			);
			runOnlyForDeploymentPostprocessing = 0;
		};
		D8F888482E763AB6000E35DC /* Sources */ = {
			isa = PBXSourcesBuildPhase;
			buildActionMask = 2147483647;
			files = (
			);
			runOnlyForDeploymentPostprocessing = 0;
		};
		D8F888522E763AB6000E35DC /* Sources */ = {
			isa = PBXSourcesBuildPhase;
			buildActionMask = 2147483647;
			files = (
			);
			runOnlyForDeploymentPostprocessing = 0;
		};
/* End PBXSourcesBuildPhase section */

/* Begin PBXTargetDependency section */
		D8F8884E2E763AB6000E35DC /* PBXTargetDependency */ = {
			isa = PBXTargetDependency;
			target = D8F8883E2E763AB4000E35DC /* FRCBatteryReader */;
			targetProxy = D8F8884D2E763AB6000E35DC /* PBXContainerItemProxy */;
		};
		D8F888582E763AB6000E35DC /* PBXTargetDependency */ = {
			isa = PBXTargetDependency;
			target = D8F8883E2E763AB4000E35DC /* FRCBatteryReader */;
			targetProxy = D8F888572E763AB6000E35DC /* PBXContainerItemProxy */;
		};
/* End PBXTargetDependency section */

/* Begin XCBuildConfiguration section */
		D8F8885E2E763AB6000E35DC /* Debug */ = {
			isa = XCBuildConfiguration;
			buildSettings = {
				ALWAYS_SEARCH_USER_PATHS = NO;
				ASSETCATALOG_COMPILER_GENERATE_SWIFT_ASSET_SYMBOL_EXTENSIONS = YES;
				CLANG_ANALYZER_NONNULL = YES;
				CLANG_ANALYZER_NUMBER_OBJECT_CONVERSION = YES_AGGRESSIVE;
				CLANG_CXX_LANGUAGE_STANDARD = "gnu++20";
				CLANG_ENABLE_MODULES = YES;
				CLANG_ENABLE_OBJC_ARC = YES;
				CLANG_ENABLE_OBJC_WEAK = YES;
				CLANG_WARN_BLOCK_CAPTURE_AUTORELEASING = YES;
				CLANG_WARN_BOOL_CONVERSION = YES;
				CLANG_WARN_COMMA = YES;
				CLANG_WARN_CONSTANT_CONVERSION = YES;
				CLANG_WARN_DEPRECATED_OBJC_IMPLEMENTATIONS = YES;
				CLANG_WARN_DIRECT_OBJC_ISA_USAGE = YES_ERROR;
				CLANG_WARN_DOCUMENTATION_COMMENTS = YES;
				CLANG_WARN_EMPTY_BODY = YES;
				CLANG_WARN_ENUM_CONVERSION = YES;
				CLANG_WARN_INFINITE_RECURSION = YES;
				CLANG_WARN_INT_CONVERSION = YES;
				CLANG_WARN_NON_LITERAL_NULL_CONVERSION = YES;
				CLANG_WARN_OBJC_IMPLICIT_RETAIN_SELF = YES;
				CLANG_WARN_OBJC_LITERAL_CONVERSION = YES;
				CLANG_WARN_OBJC_ROOT_CLASS = YES_ERROR;
				CLANG_WARN_QUOTED_INCLUDE_IN_FRAMEWORK_HEADER = YES;
				CLANG_WARN_RANGE_LOOP_ANALYSIS = YES;
				CLANG_WARN_STRICT_PROTOTYPES = YES;
				CLANG_WARN_SUSPICIOUS_MOVE = YES;
				CLANG_WARN_UNGUARDED_AVAILABILITY = YES_AGGRESSIVE;
				CLANG_WARN_UNREACHABLE_CODE = YES;
				CLANG_WARN__DUPLICATE_METHOD_MATCH = YES;
				CODE_SIGN_ENTITLEMENTS = FRCBatteryReader/FRCBatteryReader.entitlements;
				COPY_PHASE_STRIP = NO;
				DEBUG_INFORMATION_FORMAT = dwarf;
				DEVELOPMENT_TEAM = 53MBHYV2D9;
				ENABLE_STRICT_OBJC_MSGSEND = YES;
				ENABLE_TESTABILITY = YES;
				ENABLE_USER_SCRIPT_SANDBOXING = YES;
				GCC_C_LANGUAGE_STANDARD = gnu17;
				GCC_DYNAMIC_NO_PIC = NO;
				GCC_NO_COMMON_BLOCKS = YES;
				GCC_OPTIMIZATION_LEVEL = 0;
				GCC_PREPROCESSOR_DEFINITIONS = (
					"DEBUG=1",
					"$(inherited)",
				);
				GCC_WARN_64_TO_32_BIT_CONVERSION = YES;
				GCC_WARN_ABOUT_RETURN_TYPE = YES_ERROR;
				GCC_WARN_UNDECLARED_SELECTOR = YES;
				GCC_WARN_UNINITIALIZED_AUTOS = YES_AGGRESSIVE;
				GCC_WARN_UNUSED_FUNCTION = YES;
				GCC_WARN_UNUSED_VARIABLE = YES;
				INFOPLIST_KEY_NSIdentityUsageDescription = "";
				IPHONEOS_DEPLOYMENT_TARGET = 18.5;
				LOCALIZATION_PREFERS_STRING_CATALOGS = YES;
				MTL_ENABLE_DEBUG_INFO = INCLUDE_SOURCE;
				MTL_FAST_MATH = YES;
				ONLY_ACTIVE_ARCH = YES;
				SDKROOT = iphoneos;
				SWIFT_ACTIVE_COMPILATION_CONDITIONS = "DEBUG $(inherited)";
				SWIFT_OPTIMIZATION_LEVEL = "-Onone";
			};
			name = Debug;
		};
		D8F8885F2E763AB6000E35DC /* Release */ = {
			isa = XCBuildConfiguration;
			buildSettings = {
				ALWAYS_SEARCH_USER_PATHS = NO;
				ASSETCATALOG_COMPILER_GENERATE_SWIFT_ASSET_SYMBOL_EXTENSIONS = YES;
				CLANG_ANALYZER_NONNULL = YES;
				CLANG_ANALYZER_NUMBER_OBJECT_CONVERSION = YES_AGGRESSIVE;
				CLANG_CXX_LANGUAGE_STANDARD = "gnu++20";
				CLANG_ENABLE_MODULES = YES;
				CLANG_ENABLE_OBJC_ARC = YES;
				CLANG_ENABLE_OBJC_WEAK = YES;
				CLANG_WARN_BLOCK_CAPTURE_AUTORELEASING = YES;
				CLANG_WARN_BOOL_CONVERSION = YES;
				CLANG_WARN_COMMA = YES;
				CLANG_WARN_CONSTANT_CONVERSION = YES;
				CLANG_WARN_DEPRECATED_OBJC_IMPLEMENTATIONS = YES;
				CLANG_WARN_DIRECT_OBJC_ISA_USAGE = YES_ERROR;
				CLANG_WARN_DOCUMENTATION_COMMENTS = YES;
				CLANG_WARN_EMPTY_BODY = YES;
				CLANG_WARN_ENUM_CONVERSION = YES;
				CLANG_WARN_INFINITE_RECURSION = YES;
				CLANG_WARN_INT_CONVERSION = YES;
				CLANG_WARN_NON_LITERAL_NULL_CONVERSION = YES;
				CLANG_WARN_OBJC_IMPLICIT_RETAIN_SELF = YES;
				CLANG_WARN_OBJC_LITERAL_CONVERSION = YES;
				CLANG_WARN_OBJC_ROOT_CLASS = YES_ERROR;
				CLANG_WARN_QUOTED_INCLUDE_IN_FRAMEWORK_HEADER = YES;
				CLANG_WARN_RANGE_LOOP_ANALYSIS = YES;
				CLANG_WARN_STRICT_PROTOTYPES = YES;
				CLANG_WARN_SUSPICIOUS_MOVE = YES;
				CLANG_WARN_UNGUARDED_AVAILABILITY = YES_AGGRESSIVE;
				CLANG_WARN_UNREACHABLE_CODE = YES;
				CLANG_WARN__DUPLICATE_METHOD_MATCH = YES;
				CODE_SIGN_ENTITLEMENTS = FRCBatteryReader/FRCBatteryReader.entitlements;
				COPY_PHASE_STRIP = NO;
				DEBUG_INFORMATION_FORMAT = "dwarf-with-dsym";
				DEVELOPMENT_TEAM = 53MBHYV2D9;
				ENABLE_NS_ASSERTIONS = NO;
				ENABLE_STRICT_OBJC_MSGSEND = YES;
				ENABLE_USER_SCRIPT_SANDBOXING = YES;
				GCC_C_LANGUAGE_STANDARD = gnu17;
				GCC_NO_COMMON_BLOCKS = YES;
				GCC_WARN_64_TO_32_BIT_CONVERSION = YES;
				GCC_WARN_ABOUT_RETURN_TYPE = YES_ERROR;
				GCC_WARN_UNDECLARED_SELECTOR = YES;
				GCC_WARN_UNINITIALIZED_AUTOS = YES_AGGRESSIVE;
				GCC_WARN_UNUSED_FUNCTION = YES;
				GCC_WARN_UNUSED_VARIABLE = YES;
				INFOPLIST_KEY_NSIdentityUsageDescription = "";
				IPHONEOS_DEPLOYMENT_TARGET = 18.5;
				LOCALIZATION_PREFERS_STRING_CATALOGS = YES;
				MTL_ENABLE_DEBUG_INFO = NO;
				MTL_FAST_MATH = YES;
				SDKROOT = iphoneos;
				SWIFT_COMPILATION_MODE = wholemodule;
				VALIDATE_PRODUCT = YES;
			};
			name = Release;
		};
		D8F888612E763AB6000E35DC /* Debug */ = {
			isa = XCBuildConfiguration;
			buildSettings = {
				ASSETCATALOG_COMPILER_APPICON_NAME = AppIcon;
				ASSETCATALOG_COMPILER_GLOBAL_ACCENT_COLOR_NAME = AccentColor;
				CODE_SIGN_ENTITLEMENTS = FRCBatteryReader/FRCBatteryReader.entitlements;
				CODE_SIGN_STYLE = Automatic;
				CURRENT_PROJECT_VERSION = 1;
				DEVELOPMENT_TEAM = 53MBHYV2D9;
				ENABLE_PREVIEWS = YES;
				GENERATE_INFOPLIST_FILE = YES;
				INFOPLIST_FILE = FRCBatteryReader/Info.plist;
				INFOPLIST_KEY_CFBundleDisplayName = "Battery Reader";
				INFOPLIST_KEY_LSApplicationCategoryType = "public.app-category.utilities";
				INFOPLIST_KEY_NFCReaderUsageDescription = "Allow Read / Write to battery Tags";
				INFOPLIST_KEY_NSIdentityUsageDescription = "";
				INFOPLIST_KEY_UIApplicationSceneManifest_Generation = YES;
				INFOPLIST_KEY_UIApplicationSupportsIndirectInputEvents = YES;
				INFOPLIST_KEY_UILaunchScreen_Generation = YES;
				INFOPLIST_KEY_UISupportedInterfaceOrientations = UIInterfaceOrientationPortrait;
				INFOPLIST_KEY_UISupportedInterfaceOrientations_iPad = "UIInterfaceOrientationLandscapeLeft UIInterfaceOrientationLandscapeRight UIInterfaceOrientationPortrait UIInterfaceOrientationPortraitUpsideDown";
				IPHONEOS_DEPLOYMENT_TARGET = 18.0;
				LD_RUNPATH_SEARCH_PATHS = (
					"$(inherited)",
					"@executable_path/Frameworks",
				);
				MARKETING_VERSION = 1.0;
				PRODUCT_BUNDLE_IDENTIFIER = IronMaple.FRCBatteryReader;
				PRODUCT_NAME = "$(TARGET_NAME)";
				SUPPORTED_PLATFORMS = "iphoneos iphonesimulator";
				SUPPORTS_MACCATALYST = NO;
				SUPPORTS_MAC_DESIGNED_FOR_IPHONE_IPAD = NO;
				SUPPORTS_XR_DESIGNED_FOR_IPHONE_IPAD = NO;
				SWIFT_EMIT_LOC_STRINGS = YES;
				SWIFT_VERSION = 5.0;
				TARGETED_DEVICE_FAMILY = 1;
			};
			name = Debug;
		};
		D8F888622E763AB6000E35DC /* Release */ = {
			isa = XCBuildConfiguration;
			buildSettings = {
				ASSETCATALOG_COMPILER_APPICON_NAME = AppIcon;
				ASSETCATALOG_COMPILER_GLOBAL_ACCENT_COLOR_NAME = AccentColor;
				CODE_SIGN_ENTITLEMENTS = FRCBatteryReader/FRCBatteryReader.entitlements;
				CODE_SIGN_STYLE = Automatic;
				CURRENT_PROJECT_VERSION = 1;
				DEVELOPMENT_TEAM = 53MBHYV2D9;
				ENABLE_PREVIEWS = YES;
				GENERATE_INFOPLIST_FILE = YES;
				INFOPLIST_FILE = FRCBatteryReader/Info.plist;
				INFOPLIST_KEY_CFBundleDisplayName = "Battery Reader";
				INFOPLIST_KEY_LSApplicationCategoryType = "public.app-category.utilities";
				INFOPLIST_KEY_NFCReaderUsageDescription = "Allow Read / Write to battery Tags";
				INFOPLIST_KEY_NSIdentityUsageDescription = "";
				INFOPLIST_KEY_UIApplicationSceneManifest_Generation = YES;
				INFOPLIST_KEY_UIApplicationSupportsIndirectInputEvents = YES;
				INFOPLIST_KEY_UILaunchScreen_Generation = YES;
				INFOPLIST_KEY_UISupportedInterfaceOrientations = UIInterfaceOrientationPortrait;
				INFOPLIST_KEY_UISupportedInterfaceOrientations_iPad = "UIInterfaceOrientationLandscapeLeft UIInterfaceOrientationLandscapeRight UIInterfaceOrientationPortrait UIInterfaceOrientationPortraitUpsideDown";
				IPHONEOS_DEPLOYMENT_TARGET = 18.0;
				LD_RUNPATH_SEARCH_PATHS = (
					"$(inherited)",
					"@executable_path/Frameworks",
				);
				MARKETING_VERSION = 1.0;
				PRODUCT_BUNDLE_IDENTIFIER = IronMaple.FRCBatteryReader;
				PRODUCT_NAME = "$(TARGET_NAME)";
				SUPPORTED_PLATFORMS = "iphoneos iphonesimulator";
				SUPPORTS_MACCATALYST = NO;
				SUPPORTS_MAC_DESIGNED_FOR_IPHONE_IPAD = NO;
				SUPPORTS_XR_DESIGNED_FOR_IPHONE_IPAD = NO;
				SWIFT_EMIT_LOC_STRINGS = YES;
				SWIFT_VERSION = 5.0;
				TARGETED_DEVICE_FAMILY = 1;
			};
			name = Release;
		};
		D8F888642E763AB6000E35DC /* Debug */ = {
			isa = XCBuildConfiguration;
			buildSettings = {
				BUNDLE_LOADER = "$(TEST_HOST)";
				CODE_SIGN_STYLE = Automatic;
				CURRENT_PROJECT_VERSION = 1;
				DEVELOPMENT_TEAM = 53MBHYV2D9;
				GENERATE_INFOPLIST_FILE = YES;
				IPHONEOS_DEPLOYMENT_TARGET = 18.5;
				MARKETING_VERSION = 1.0;
				PRODUCT_BUNDLE_IDENTIFIER = nztest.FRCBatteryReaderTests;
				PRODUCT_NAME = "$(TARGET_NAME)";
				SUPPORTED_PLATFORMS = "iphoneos iphonesimulator";
				SUPPORTS_MACCATALYST = NO;
				SUPPORTS_MAC_DESIGNED_FOR_IPHONE_IPAD = NO;
				SUPPORTS_XR_DESIGNED_FOR_IPHONE_IPAD = NO;
				SWIFT_EMIT_LOC_STRINGS = NO;
				SWIFT_VERSION = 5.0;
				TARGETED_DEVICE_FAMILY = 1;
				TEST_HOST = "$(BUILT_PRODUCTS_DIR)/FRCBatteryReader.app/$(BUNDLE_EXECUTABLE_FOLDER_PATH)/FRCBatteryReader";
			};
			name = Debug;
		};
		D8F888652E763AB6000E35DC /* Release */ = {
			isa = XCBuildConfiguration;
			buildSettings = {
				BUNDLE_LOADER = "$(TEST_HOST)";
				CODE_SIGN_STYLE = Automatic;
				CURRENT_PROJECT_VERSION = 1;
				DEVELOPMENT_TEAM = 53MBHYV2D9;
				GENERATE_INFOPLIST_FILE = YES;
				IPHONEOS_DEPLOYMENT_TARGET = 18.5;
				MARKETING_VERSION = 1.0;
				PRODUCT_BUNDLE_IDENTIFIER = nztest.FRCBatteryReaderTests;
				PRODUCT_NAME = "$(TARGET_NAME)";
				SUPPORTED_PLATFORMS = "iphoneos iphonesimulator";
				SUPPORTS_MACCATALYST = NO;
				SUPPORTS_MAC_DESIGNED_FOR_IPHONE_IPAD = NO;
				SUPPORTS_XR_DESIGNED_FOR_IPHONE_IPAD = NO;
				SWIFT_EMIT_LOC_STRINGS = NO;
				SWIFT_VERSION = 5.0;
				TARGETED_DEVICE_FAMILY = 1;
				TEST_HOST = "$(BUILT_PRODUCTS_DIR)/FRCBatteryReader.app/$(BUNDLE_EXECUTABLE_FOLDER_PATH)/FRCBatteryReader";
			};
			name = Release;
		};
		D8F888672E763AB6000E35DC /* Debug */ = {
			isa = XCBuildConfiguration;
			buildSettings = {
				CODE_SIGN_STYLE = Automatic;
				CURRENT_PROJECT_VERSION = 1;
				DEVELOPMENT_TEAM = 53MBHYV2D9;
				GENERATE_INFOPLIST_FILE = YES;
				MARKETING_VERSION = 1.0;
				PRODUCT_BUNDLE_IDENTIFIER = nztest.FRCBatteryReaderUITests;
				PRODUCT_NAME = "$(TARGET_NAME)";
				SUPPORTED_PLATFORMS = "iphoneos iphonesimulator";
				SUPPORTS_MACCATALYST = NO;
				SUPPORTS_MAC_DESIGNED_FOR_IPHONE_IPAD = NO;
				SUPPORTS_XR_DESIGNED_FOR_IPHONE_IPAD = NO;
				SWIFT_EMIT_LOC_STRINGS = NO;
				SWIFT_VERSION = 5.0;
				TARGETED_DEVICE_FAMILY = 1;
				TEST_TARGET_NAME = FRCBatteryReader;
			};
			name = Debug;
		};
		D8F888682E763AB6000E35DC /* Release */ = {
			isa = XCBuildConfiguration;
			buildSettings = {
				CODE_SIGN_STYLE = Automatic;
				CURRENT_PROJECT_VERSION = 1;
				DEVELOPMENT_TEAM = 53MBHYV2D9;
				GENERATE_INFOPLIST_FILE = YES;
				MARKETING_VERSION = 1.0;
				PRODUCT_BUNDLE_IDENTIFIER = nztest.FRCBatteryReaderUITests;
				PRODUCT_NAME = "$(TARGET_NAME)";
				SUPPORTED_PLATFORMS = "iphoneos iphonesimulator";
				SUPPORTS_MACCATALYST = NO;
				SUPPORTS_MAC_DESIGNED_FOR_IPHONE_IPAD = NO;
				SUPPORTS_XR_DESIGNED_FOR_IPHONE_IPAD = NO;
				SWIFT_EMIT_LOC_STRINGS = NO;
				SWIFT_VERSION = 5.0;
				TARGETED_DEVICE_FAMILY = 1;
				TEST_TARGET_NAME = FRCBatteryReader;
			};
			name = Release;
		};
/* End XCBuildConfiguration section */

/* Begin XCConfigurationList section */
		D8F8883A2E763AB4000E35DC /* Build configuration list for PBXProject "FRCBatteryReader" */ = {
			isa = XCConfigurationList;
			buildConfigurations = (
				D8F8885E2E763AB6000E35DC /* Debug */,
				D8F8885F2E763AB6000E35DC /* Release */,
			);
			defaultConfigurationIsVisible = 0;
			defaultConfigurationName = Release;
		};
		D8F888602E763AB6000E35DC /* Build configuration list for PBXNativeTarget "FRCBatteryReader" */ = {
			isa = XCConfigurationList;
			buildConfigurations = (
				D8F888612E763AB6000E35DC /* Debug */,
				D8F888622E763AB6000E35DC /* Release */,
			);
			defaultConfigurationIsVisible = 0;
			defaultConfigurationName = Release;
		};
		D8F888632E763AB6000E35DC /* Build configuration list for PBXNativeTarget "FRCBatteryReaderTests" */ = {
			isa = XCConfigurationList;
			buildConfigurations = (
				D8F888642E763AB6000E35DC /* Debug */,
				D8F888652E763AB6000E35DC /* Release */,
			);
			defaultConfigurationIsVisible = 0;
			defaultConfigurationName = Release;
		};
		D8F888662E763AB6000E35DC /* Build configuration list for PBXNativeTarget "FRCBatteryReaderUITests" */ = {
			isa = XCConfigurationList;
			buildConfigurations = (
				D8F888672E763AB6000E35DC /* Debug */,
				D8F888682E763AB6000E35DC /* Release */,
			);
			defaultConfigurationIsVisible = 0;
			defaultConfigurationName = Release;
		};
/* End XCConfigurationList section */
	};
	rootObject = D8F888372E763AB4000E35DC /* Project object */;
}
